// !$*UTF8*$!
{
	archiveVersion = 1;
	classes = {
	};
	objectVersion = 46;
	objects = {

/* Begin PBXBuildFile section */
		3913939913C9B8450049DA61 /* Prefix.pch in Headers */ = {isa = PBXBuildFile; fileRef = 3913939813C9B8450049DA61 /* Prefix.pch */; };
		391393AC13C9B84C0049DA61 /* FKiOSShorthands.h in Headers */ = {isa = PBXBuildFile; fileRef = 391393A113C9B84C0049DA61 /* FKiOSShorthands.h */; };
		391393AD13C9B84C0049DA61 /* UIApplication+FKConcise.h in Headers */ = {isa = PBXBuildFile; fileRef = 391393A213C9B84C0049DA61 /* UIApplication+FKConcise.h */; };
		391393AE13C9B84C0049DA61 /* UIApplication+FKConcise.m in Sources */ = {isa = PBXBuildFile; fileRef = 391393A313C9B84C0049DA61 /* UIApplication+FKConcise.m */; };
		391393AF13C9B84C0049DA61 /* UIScreen+FKConcise.h in Headers */ = {isa = PBXBuildFile; fileRef = 391393A413C9B84C0049DA61 /* UIScreen+FKConcise.h */; };
		391393B013C9B84C0049DA61 /* UIScreen+FKConcise.m in Sources */ = {isa = PBXBuildFile; fileRef = 391393A513C9B84C0049DA61 /* UIScreen+FKConcise.m */; };
		391393B113C9B84C0049DA61 /* FKUniversal.h in Headers */ = {isa = PBXBuildFile; fileRef = 391393A713C9B84C0049DA61 /* FKUniversal.h */; };
		391393B213C9B84C0049DA61 /* FKUniversal.m in Sources */ = {isa = PBXBuildFile; fileRef = 391393A813C9B84C0049DA61 /* FKUniversal.m */; };
		391393B413C9C1310049DA61 /* iOSKit.h in Headers */ = {isa = PBXBuildFile; fileRef = 391393B313C9C1310049DA61 /* iOSKit.h */; };
		3921678E142666E90018BD5A /* UIApplication+FKAdditions.h in Headers */ = {isa = PBXBuildFile; fileRef = 3921678C142666E90018BD5A /* UIApplication+FKAdditions.h */; };
		3921678F142666E90018BD5A /* UIApplication+FKAdditions.m in Sources */ = {isa = PBXBuildFile; fileRef = 3921678D142666E90018BD5A /* UIApplication+FKAdditions.m */; };
		393A299A142359550056CB37 /* CoreGraphics.framework in Frameworks */ = {isa = PBXBuildFile; fileRef = 393A2999142359550056CB37 /* CoreGraphics.framework */; };
		393A299E142359C50056CB37 /* UIViewController+FKAdditions.h in Headers */ = {isa = PBXBuildFile; fileRef = 393A299C142359C50056CB37 /* UIViewController+FKAdditions.h */; };
		393A299F142359C50056CB37 /* UIViewController+FKAdditions.m in Sources */ = {isa = PBXBuildFile; fileRef = 393A299D142359C50056CB37 /* UIViewController+FKAdditions.m */; };
		397F81BE14261227006B98BD /* UITableViewCell+FKConcise.h in Headers */ = {isa = PBXBuildFile; fileRef = 397F81BC14261227006B98BD /* UITableViewCell+FKConcise.h */; };
		397F81BF14261227006B98BD /* UITableViewCell+FKConcise.m in Sources */ = {isa = PBXBuildFile; fileRef = 397F81BD14261227006B98BD /* UITableViewCell+FKConcise.m */; };
		39ACE7441422709B0022D8F8 /* UIView+FKContentSize.h in Headers */ = {isa = PBXBuildFile; fileRef = 39ACE7421422709B0022D8F8 /* UIView+FKContentSize.h */; };
		39ACE7451422709B0022D8F8 /* UIView+FKContentSize.m in Sources */ = {isa = PBXBuildFile; fileRef = 39ACE7431422709B0022D8F8 /* UIView+FKContentSize.m */; };
		39ACE81614228DCC0022D8F8 /* UIViewController+FKLoading.h in Headers */ = {isa = PBXBuildFile; fileRef = 39ACE81414228DC90022D8F8 /* UIViewController+FKLoading.h */; };
		39ACE81714228DCC0022D8F8 /* UIViewController+FKLoading.m in Sources */ = {isa = PBXBuildFile; fileRef = 39ACE81514228DCB0022D8F8 /* UIViewController+FKLoading.m */; };
		39CFA5EF1422348700DC3E57 /* UIColor+FKAdditions.h in Headers */ = {isa = PBXBuildFile; fileRef = 39CFA5ED1422348600DC3E57 /* UIColor+FKAdditions.h */; };
		39CFA5F01422348700DC3E57 /* UIColor+FKAdditions.m in Sources */ = {isa = PBXBuildFile; fileRef = 39CFA5EE1422348600DC3E57 /* UIColor+FKAdditions.m */; };
		39CFA5F3142234A600DC3E57 /* UIView+FKRotation.h in Headers */ = {isa = PBXBuildFile; fileRef = 39CFA5F1142234A600DC3E57 /* UIView+FKRotation.h */; };
		39CFA5F4142234A600DC3E57 /* UIView+FKRotation.m in Sources */ = {isa = PBXBuildFile; fileRef = 39CFA5F2142234A600DC3E57 /* UIView+FKRotation.m */; };
		39CFA5F71422398E00DC3E57 /* UIDevice+FKAdditions.h in Headers */ = {isa = PBXBuildFile; fileRef = 39CFA5F51422398E00DC3E57 /* UIDevice+FKAdditions.h */; };
		39CFA5F81422398E00DC3E57 /* UIDevice+FKAdditions.m in Sources */ = {isa = PBXBuildFile; fileRef = 39CFA5F61422398E00DC3E57 /* UIDevice+FKAdditions.m */; };
		39CFA5FB14223C1300DC3E57 /* UIImageView+FKAdditions.h in Headers */ = {isa = PBXBuildFile; fileRef = 39CFA5F914223C1200DC3E57 /* UIImageView+FKAdditions.h */; };
		39CFA5FC14223C1300DC3E57 /* UIImageView+FKAdditions.m in Sources */ = {isa = PBXBuildFile; fileRef = 39CFA5FA14223C1200DC3E57 /* UIImageView+FKAdditions.m */; };
		39CFA5FF14223CBE00DC3E57 /* UIScrollView+FKContentSize.h in Headers */ = {isa = PBXBuildFile; fileRef = 39CFA5FD14223CBE00DC3E57 /* UIScrollView+FKContentSize.h */; };
		39CFA60014223CBE00DC3E57 /* UIScrollView+FKContentSize.m in Sources */ = {isa = PBXBuildFile; fileRef = 39CFA5FE14223CBE00DC3E57 /* UIScrollView+FKContentSize.m */; };
		39CFA60214223E6300DC3E57 /* QuartzCore.framework in Frameworks */ = {isa = PBXBuildFile; fileRef = 39CFA60114223E6300DC3E57 /* QuartzCore.framework */; };
		39CFA605142240DB00DC3E57 /* UITextView+FKAdditions.h in Headers */ = {isa = PBXBuildFile; fileRef = 39CFA603142240DA00DC3E57 /* UITextView+FKAdditions.h */; };
		39CFA606142240DB00DC3E57 /* UITextView+FKAdditions.m in Sources */ = {isa = PBXBuildFile; fileRef = 39CFA604142240DA00DC3E57 /* UITextView+FKAdditions.m */; };
		39CFA6091422423500DC3E57 /* UIView+FKHierarchy.h in Headers */ = {isa = PBXBuildFile; fileRef = 39CFA6071422423300DC3E57 /* UIView+FKHierarchy.h */; };
		39CFA60A1422423500DC3E57 /* UIView+FKHierarchy.m in Sources */ = {isa = PBXBuildFile; fileRef = 39CFA6081422423400DC3E57 /* UIView+FKHierarchy.m */; };
		39CFA60D1422437500DC3E57 /* UIView+FKAdditions.h in Headers */ = {isa = PBXBuildFile; fileRef = 39CFA60B1422437300DC3E57 /* UIView+FKAdditions.h */; };
		39CFA60E1422437500DC3E57 /* UIView+FKAdditions.m in Sources */ = {isa = PBXBuildFile; fileRef = 39CFA60C1422437400DC3E57 /* UIView+FKAdditions.m */; };
		39CFA61114224AF800DC3E57 /* UIView+FKAnimations.h in Headers */ = {isa = PBXBuildFile; fileRef = 39CFA60F14224AF400DC3E57 /* UIView+FKAnimations.h */; };
		39CFA61214224AF800DC3E57 /* UIView+FKAnimations.m in Sources */ = {isa = PBXBuildFile; fileRef = 39CFA61014224AF600DC3E57 /* UIView+FKAnimations.m */; };
		39DF5CD914249D8A00090805 /* FKiOSConstants.h in Headers */ = {isa = PBXBuildFile; fileRef = 39DF5CD814249D8A00090805 /* FKiOSConstants.h */; };
		39DF5CDE1424A08C00090805 /* FKColoredAccessoryView.h in Headers */ = {isa = PBXBuildFile; fileRef = 39DF5CDC1424A08C00090805 /* FKColoredAccessoryView.h */; };
		39DF5CDF1424A08C00090805 /* FKColoredAccessoryView.m in Sources */ = {isa = PBXBuildFile; fileRef = 39DF5CDD1424A08C00090805 /* FKColoredAccessoryView.m */; };
		39DF5CE31424A5FB00090805 /* FKSoundEffect.h in Headers */ = {isa = PBXBuildFile; fileRef = 39DF5CE11424A5FB00090805 /* FKSoundEffect.h */; };
		39DF5CE41424A5FB00090805 /* FKSoundEffect.m in Sources */ = {isa = PBXBuildFile; fileRef = 39DF5CE21424A5FB00090805 /* FKSoundEffect.m */; };
		39DF5CF91424A97A00090805 /* libFoundationKitiOS.a in Frameworks */ = {isa = PBXBuildFile; fileRef = 39DF5CF41424A96900090805 /* libFoundationKitiOS.a */; };
		39DF5D771424B62000090805 /* FKNetworkActivityManager.h in Headers */ = {isa = PBXBuildFile; fileRef = 39DF5D751424B62000090805 /* FKNetworkActivityManager.h */; };
		39DF5D781424B62000090805 /* FKNetworkActivityManager.m in Sources */ = {isa = PBXBuildFile; fileRef = 39DF5D761424B62000090805 /* FKNetworkActivityManager.m */; };
		39DF5DAA1424BF0D00090805 /* UIApplication+FKNetwork.h in Headers */ = {isa = PBXBuildFile; fileRef = 39DF5DA81424BF0C00090805 /* UIApplication+FKNetwork.h */; };
		39DF5DAB1424BF0D00090805 /* UIApplication+FKNetwork.m in Sources */ = {isa = PBXBuildFile; fileRef = 39DF5DA91424BF0C00090805 /* UIApplication+FKNetwork.m */; };
		39F5166313C8E3F3008A9732 /* Foundation.framework in Frameworks */ = {isa = PBXBuildFile; fileRef = 39F5166213C8E3F3008A9732 /* Foundation.framework */; };
		9B297207141B8317006124A2 /* NSValue+FKiOSConcise.h in Headers */ = {isa = PBXBuildFile; fileRef = 9B297205141B8317006124A2 /* NSValue+FKiOSConcise.h */; };
		9B29720B141B83B2006124A2 /* NSObject+FKiOSAssociatedObjects.h in Headers */ = {isa = PBXBuildFile; fileRef = 9B297209141B83B2006124A2 /* NSObject+FKiOSAssociatedObjects.h */; };
		9B29720C141B83B2006124A2 /* NSObject+FKiOSAssociatedObjects.m in Sources */ = {isa = PBXBuildFile; fileRef = 9B29720A141B83B2006124A2 /* NSObject+FKiOSAssociatedObjects.m */; };
/* End PBXBuildFile section */

/* Begin PBXContainerItemProxy section */
		39DF5CF11424A96900090805 /* PBXContainerItemProxy */ = {
			isa = PBXContainerItemProxy;
			containerPortal = 39DF5CE81424A96800090805 /* FoundationKit.xcodeproj */;
			proxyType = 2;
			remoteGlobalIDString = DC410CFF13C39BFD00C90C19;
			remoteInfo = FoundationKitMac;
		};
		39DF5CF31424A96900090805 /* PBXContainerItemProxy */ = {
			isa = PBXContainerItemProxy;
			containerPortal = 39DF5CE81424A96800090805 /* FoundationKit.xcodeproj */;
			proxyType = 2;
			remoteGlobalIDString = 393A29BC142361950056CB37;
			remoteInfo = FoundationKitiOS;
		};
		39DF5CF51424A96900090805 /* PBXContainerItemProxy */ = {
			isa = PBXContainerItemProxy;
			containerPortal = 39DF5CE81424A96800090805 /* FoundationKit.xcodeproj */;
			proxyType = 2;
			remoteGlobalIDString = C5C18E7A13C8C64C00DD0872;
			remoteInfo = Tests;
		};
		39DF5CF71424A97400090805 /* PBXContainerItemProxy */ = {
			isa = PBXContainerItemProxy;
			containerPortal = 39DF5CE81424A96800090805 /* FoundationKit.xcodeproj */;
			proxyType = 1;
			remoteGlobalIDString = 393A29A4142361950056CB37;
			remoteInfo = FoundationKitiOS;
		};
/* End PBXContainerItemProxy section */

/* Begin PBXFileReference section */
		3913939813C9B8450049DA61 /* Prefix.pch */ = {isa = PBXFileReference; fileEncoding = 4; lastKnownFileType = sourcecode.c.h; name = Prefix.pch; path = Sources/Prefix.pch; sourceTree = SOURCE_ROOT; };
		391393A113C9B84C0049DA61 /* FKiOSShorthands.h */ = {isa = PBXFileReference; fileEncoding = 4; lastKnownFileType = sourcecode.c.h; path = FKiOSShorthands.h; sourceTree = "<group>"; };
		391393A213C9B84C0049DA61 /* UIApplication+FKConcise.h */ = {isa = PBXFileReference; fileEncoding = 4; lastKnownFileType = sourcecode.c.h; path = "UIApplication+FKConcise.h"; sourceTree = "<group>"; };
		391393A313C9B84C0049DA61 /* UIApplication+FKConcise.m */ = {isa = PBXFileReference; fileEncoding = 4; lastKnownFileType = sourcecode.c.objc; path = "UIApplication+FKConcise.m"; sourceTree = "<group>"; };
		391393A413C9B84C0049DA61 /* UIScreen+FKConcise.h */ = {isa = PBXFileReference; fileEncoding = 4; lastKnownFileType = sourcecode.c.h; path = "UIScreen+FKConcise.h"; sourceTree = "<group>"; };
		391393A513C9B84C0049DA61 /* UIScreen+FKConcise.m */ = {isa = PBXFileReference; fileEncoding = 4; lastKnownFileType = sourcecode.c.objc; path = "UIScreen+FKConcise.m"; sourceTree = "<group>"; };
		391393A713C9B84C0049DA61 /* FKUniversal.h */ = {isa = PBXFileReference; fileEncoding = 4; lastKnownFileType = sourcecode.c.h; path = FKUniversal.h; sourceTree = "<group>"; };
		391393A813C9B84C0049DA61 /* FKUniversal.m */ = {isa = PBXFileReference; fileEncoding = 4; lastKnownFileType = sourcecode.c.objc; path = FKUniversal.m; sourceTree = "<group>"; };
		391393B313C9C1310049DA61 /* iOSKit.h */ = {isa = PBXFileReference; fileEncoding = 4; lastKnownFileType = sourcecode.c.h; path = iOSKit.h; sourceTree = "<group>"; };
		3921678C142666E90018BD5A /* UIApplication+FKAdditions.h */ = {isa = PBXFileReference; fileEncoding = 4; lastKnownFileType = sourcecode.c.h; name = "UIApplication+FKAdditions.h"; path = "UIKit/UIApplication+FKAdditions.h"; sourceTree = "<group>"; };
		3921678D142666E90018BD5A /* UIApplication+FKAdditions.m */ = {isa = PBXFileReference; fileEncoding = 4; lastKnownFileType = sourcecode.c.objc; name = "UIApplication+FKAdditions.m"; path = "UIKit/UIApplication+FKAdditions.m"; sourceTree = "<group>"; };
		393A2999142359550056CB37 /* CoreGraphics.framework */ = {isa = PBXFileReference; lastKnownFileType = wrapper.framework; name = CoreGraphics.framework; path = System/Library/Frameworks/CoreGraphics.framework; sourceTree = SDKROOT; };
		393A299C142359C50056CB37 /* UIViewController+FKAdditions.h */ = {isa = PBXFileReference; fileEncoding = 4; lastKnownFileType = sourcecode.c.h; name = "UIViewController+FKAdditions.h"; path = "UIKit/UIViewController+FKAdditions.h"; sourceTree = "<group>"; };
		393A299D142359C50056CB37 /* UIViewController+FKAdditions.m */ = {isa = PBXFileReference; fileEncoding = 4; lastKnownFileType = sourcecode.c.objc; name = "UIViewController+FKAdditions.m"; path = "UIKit/UIViewController+FKAdditions.m"; sourceTree = "<group>"; };
		397F81BC14261227006B98BD /* UITableViewCell+FKConcise.h */ = {isa = PBXFileReference; fileEncoding = 4; lastKnownFileType = sourcecode.c.h; path = "UITableViewCell+FKConcise.h"; sourceTree = "<group>"; };
		397F81BD14261227006B98BD /* UITableViewCell+FKConcise.m */ = {isa = PBXFileReference; fileEncoding = 4; lastKnownFileType = sourcecode.c.objc; path = "UITableViewCell+FKConcise.m"; sourceTree = "<group>"; };
		39ACE7421422709B0022D8F8 /* UIView+FKContentSize.h */ = {isa = PBXFileReference; fileEncoding = 4; lastKnownFileType = sourcecode.c.h; name = "UIView+FKContentSize.h"; path = "UIKit/UIView+FKContentSize.h"; sourceTree = "<group>"; };
		39ACE7431422709B0022D8F8 /* UIView+FKContentSize.m */ = {isa = PBXFileReference; fileEncoding = 4; lastKnownFileType = sourcecode.c.objc; name = "UIView+FKContentSize.m"; path = "UIKit/UIView+FKContentSize.m"; sourceTree = "<group>"; };
		39ACE81414228DC90022D8F8 /* UIViewController+FKLoading.h */ = {isa = PBXFileReference; fileEncoding = 4; lastKnownFileType = sourcecode.c.h; name = "UIViewController+FKLoading.h"; path = "UIKit/UIViewController+FKLoading.h"; sourceTree = "<group>"; };
		39ACE81514228DCB0022D8F8 /* UIViewController+FKLoading.m */ = {isa = PBXFileReference; fileEncoding = 4; lastKnownFileType = sourcecode.c.objc; name = "UIViewController+FKLoading.m"; path = "UIKit/UIViewController+FKLoading.m"; sourceTree = "<group>"; };
		39CFA5ED1422348600DC3E57 /* UIColor+FKAdditions.h */ = {isa = PBXFileReference; fileEncoding = 4; lastKnownFileType = sourcecode.c.h; name = "UIColor+FKAdditions.h"; path = "UIKit/UIColor+FKAdditions.h"; sourceTree = "<group>"; };
		39CFA5EE1422348600DC3E57 /* UIColor+FKAdditions.m */ = {isa = PBXFileReference; fileEncoding = 4; lastKnownFileType = sourcecode.c.objc; name = "UIColor+FKAdditions.m"; path = "UIKit/UIColor+FKAdditions.m"; sourceTree = "<group>"; };
		39CFA5F1142234A600DC3E57 /* UIView+FKRotation.h */ = {isa = PBXFileReference; fileEncoding = 4; lastKnownFileType = sourcecode.c.h; name = "UIView+FKRotation.h"; path = "UIKit/UIView+FKRotation.h"; sourceTree = "<group>"; };
		39CFA5F2142234A600DC3E57 /* UIView+FKRotation.m */ = {isa = PBXFileReference; fileEncoding = 4; lastKnownFileType = sourcecode.c.objc; name = "UIView+FKRotation.m"; path = "UIKit/UIView+FKRotation.m"; sourceTree = "<group>"; };
		39CFA5F51422398E00DC3E57 /* UIDevice+FKAdditions.h */ = {isa = PBXFileReference; fileEncoding = 4; lastKnownFileType = sourcecode.c.h; name = "UIDevice+FKAdditions.h"; path = "UIKit/UIDevice+FKAdditions.h"; sourceTree = "<group>"; };
		39CFA5F61422398E00DC3E57 /* UIDevice+FKAdditions.m */ = {isa = PBXFileReference; fileEncoding = 4; lastKnownFileType = sourcecode.c.objc; name = "UIDevice+FKAdditions.m"; path = "UIKit/UIDevice+FKAdditions.m"; sourceTree = "<group>"; };
		39CFA5F914223C1200DC3E57 /* UIImageView+FKAdditions.h */ = {isa = PBXFileReference; fileEncoding = 4; lastKnownFileType = sourcecode.c.h; name = "UIImageView+FKAdditions.h"; path = "UIKit/UIImageView+FKAdditions.h"; sourceTree = "<group>"; };
		39CFA5FA14223C1200DC3E57 /* UIImageView+FKAdditions.m */ = {isa = PBXFileReference; fileEncoding = 4; lastKnownFileType = sourcecode.c.objc; name = "UIImageView+FKAdditions.m"; path = "UIKit/UIImageView+FKAdditions.m"; sourceTree = "<group>"; };
		39CFA5FD14223CBE00DC3E57 /* UIScrollView+FKContentSize.h */ = {isa = PBXFileReference; fileEncoding = 4; lastKnownFileType = sourcecode.c.h; name = "UIScrollView+FKContentSize.h"; path = "UIKit/UIScrollView+FKContentSize.h"; sourceTree = "<group>"; };
		39CFA5FE14223CBE00DC3E57 /* UIScrollView+FKContentSize.m */ = {isa = PBXFileReference; fileEncoding = 4; lastKnownFileType = sourcecode.c.objc; name = "UIScrollView+FKContentSize.m"; path = "UIKit/UIScrollView+FKContentSize.m"; sourceTree = "<group>"; };
		39CFA60114223E6300DC3E57 /* QuartzCore.framework */ = {isa = PBXFileReference; lastKnownFileType = wrapper.framework; name = QuartzCore.framework; path = System/Library/Frameworks/QuartzCore.framework; sourceTree = SDKROOT; };
		39CFA603142240DA00DC3E57 /* UITextView+FKAdditions.h */ = {isa = PBXFileReference; fileEncoding = 4; lastKnownFileType = sourcecode.c.h; name = "UITextView+FKAdditions.h"; path = "UIKit/UITextView+FKAdditions.h"; sourceTree = "<group>"; };
		39CFA604142240DA00DC3E57 /* UITextView+FKAdditions.m */ = {isa = PBXFileReference; fileEncoding = 4; lastKnownFileType = sourcecode.c.objc; name = "UITextView+FKAdditions.m"; path = "UIKit/UITextView+FKAdditions.m"; sourceTree = "<group>"; };
		39CFA6071422423300DC3E57 /* UIView+FKHierarchy.h */ = {isa = PBXFileReference; fileEncoding = 4; lastKnownFileType = sourcecode.c.h; name = "UIView+FKHierarchy.h"; path = "UIKit/UIView+FKHierarchy.h"; sourceTree = "<group>"; };
		39CFA6081422423400DC3E57 /* UIView+FKHierarchy.m */ = {isa = PBXFileReference; fileEncoding = 4; lastKnownFileType = sourcecode.c.objc; name = "UIView+FKHierarchy.m"; path = "UIKit/UIView+FKHierarchy.m"; sourceTree = "<group>"; };
		39CFA60B1422437300DC3E57 /* UIView+FKAdditions.h */ = {isa = PBXFileReference; fileEncoding = 4; lastKnownFileType = sourcecode.c.h; name = "UIView+FKAdditions.h"; path = "UIKit/UIView+FKAdditions.h"; sourceTree = "<group>"; };
		39CFA60C1422437400DC3E57 /* UIView+FKAdditions.m */ = {isa = PBXFileReference; fileEncoding = 4; lastKnownFileType = sourcecode.c.objc; name = "UIView+FKAdditions.m"; path = "UIKit/UIView+FKAdditions.m"; sourceTree = "<group>"; };
		39CFA60F14224AF400DC3E57 /* UIView+FKAnimations.h */ = {isa = PBXFileReference; fileEncoding = 4; lastKnownFileType = sourcecode.c.h; name = "UIView+FKAnimations.h"; path = "UIKit/UIView+FKAnimations.h"; sourceTree = "<group>"; };
		39CFA61014224AF600DC3E57 /* UIView+FKAnimations.m */ = {isa = PBXFileReference; fileEncoding = 4; lastKnownFileType = sourcecode.c.objc; name = "UIView+FKAnimations.m"; path = "UIKit/UIView+FKAnimations.m"; sourceTree = "<group>"; };
		39DF5CD814249D8A00090805 /* FKiOSConstants.h */ = {isa = PBXFileReference; fileEncoding = 4; lastKnownFileType = sourcecode.c.h; path = FKiOSConstants.h; sourceTree = "<group>"; };
		39DF5CDC1424A08C00090805 /* FKColoredAccessoryView.h */ = {isa = PBXFileReference; fileEncoding = 4; lastKnownFileType = sourcecode.c.h; name = FKColoredAccessoryView.h; path = TableView/FKColoredAccessoryView.h; sourceTree = "<group>"; };
		39DF5CDD1424A08C00090805 /* FKColoredAccessoryView.m */ = {isa = PBXFileReference; fileEncoding = 4; lastKnownFileType = sourcecode.c.objc; name = FKColoredAccessoryView.m; path = TableView/FKColoredAccessoryView.m; sourceTree = "<group>"; };
		39DF5CE11424A5FB00090805 /* FKSoundEffect.h */ = {isa = PBXFileReference; fileEncoding = 4; lastKnownFileType = sourcecode.c.h; name = FKSoundEffect.h; path = Audio/FKSoundEffect.h; sourceTree = "<group>"; };
		39DF5CE21424A5FB00090805 /* FKSoundEffect.m */ = {isa = PBXFileReference; fileEncoding = 4; lastKnownFileType = sourcecode.c.objc; name = FKSoundEffect.m; path = Audio/FKSoundEffect.m; sourceTree = "<group>"; };
		39DF5CE81424A96800090805 /* FoundationKit.xcodeproj */ = {isa = PBXFileReference; lastKnownFileType = "wrapper.pb-project"; name = FoundationKit.xcodeproj; path = FoundationKit/FoundationKit.xcodeproj; sourceTree = "<group>"; };
		39DF5D751424B62000090805 /* FKNetworkActivityManager.h */ = {isa = PBXFileReference; fileEncoding = 4; lastKnownFileType = sourcecode.c.h; name = FKNetworkActivityManager.h; path = Network/FKNetworkActivityManager.h; sourceTree = "<group>"; };
		39DF5D761424B62000090805 /* FKNetworkActivityManager.m */ = {isa = PBXFileReference; fileEncoding = 4; lastKnownFileType = sourcecode.c.objc; name = FKNetworkActivityManager.m; path = Network/FKNetworkActivityManager.m; sourceTree = "<group>"; };
		39DF5DA81424BF0C00090805 /* UIApplication+FKNetwork.h */ = {isa = PBXFileReference; fileEncoding = 4; lastKnownFileType = sourcecode.c.h; name = "UIApplication+FKNetwork.h"; path = "UIKit/UIApplication+FKNetwork.h"; sourceTree = "<group>"; };
		39DF5DA91424BF0C00090805 /* UIApplication+FKNetwork.m */ = {isa = PBXFileReference; fileEncoding = 4; lastKnownFileType = sourcecode.c.objc; name = "UIApplication+FKNetwork.m"; path = "UIKit/UIApplication+FKNetwork.m"; sourceTree = "<group>"; };
		39F5165F13C8E3F3008A9732 /* libiOSKit.a */ = {isa = PBXFileReference; explicitFileType = archive.ar; includeInIndex = 0; path = libiOSKit.a; sourceTree = BUILT_PRODUCTS_DIR; };
		39F5166213C8E3F3008A9732 /* Foundation.framework */ = {isa = PBXFileReference; lastKnownFileType = wrapper.framework; name = Foundation.framework; path = System/Library/Frameworks/Foundation.framework; sourceTree = SDKROOT; };
		9B297205141B8317006124A2 /* NSValue+FKiOSConcise.h */ = {isa = PBXFileReference; fileEncoding = 4; lastKnownFileType = sourcecode.c.h; path = "NSValue+FKiOSConcise.h"; sourceTree = "<group>"; };
		9B297209141B83B2006124A2 /* NSObject+FKiOSAssociatedObjects.h */ = {isa = PBXFileReference; fileEncoding = 4; lastKnownFileType = sourcecode.c.h; path = "NSObject+FKiOSAssociatedObjects.h"; sourceTree = "<group>"; };
		9B29720A141B83B2006124A2 /* NSObject+FKiOSAssociatedObjects.m */ = {isa = PBXFileReference; fileEncoding = 4; lastKnownFileType = sourcecode.c.objc; path = "NSObject+FKiOSAssociatedObjects.m"; sourceTree = "<group>"; };
/* End PBXFileReference section */

/* Begin PBXFrameworksBuildPhase section */
		39F5165C13C8E3F3008A9732 /* Frameworks */ = {
			isa = PBXFrameworksBuildPhase;
			buildActionMask = 2147483647;
			files = (
				39DF5CF91424A97A00090805 /* libFoundationKitiOS.a in Frameworks */,
				393A299A142359550056CB37 /* CoreGraphics.framework in Frameworks */,
				39CFA60214223E6300DC3E57 /* QuartzCore.framework in Frameworks */,
				39F5166313C8E3F3008A9732 /* Foundation.framework in Frameworks */,
			);
			runOnlyForDeploymentPostprocessing = 0;
		};
/* End PBXFrameworksBuildPhase section */

/* Begin PBXGroup section */
		3913939A13C9B84C0049DA61 /* Sources */ = {
			isa = PBXGroup;
			children = (
				391393B313C9C1310049DA61 /* iOSKit.h */,
				39DF5CE01424A5E300090805 /* Audio */,
				39DF5D741424B5EC00090805 /* Network */,
				391393A013C9B84C0049DA61 /* Shorthands */,
				39DF5CDB1424A05B00090805 /* TableView */,
				9B297200141B7EF9006124A2 /* UIKit */,
				391393A613C9B84C0049DA61 /* Universal */,
			);
			path = Sources;
			sourceTree = "<group>";
		};
		391393A013C9B84C0049DA61 /* Shorthands */ = {
			isa = PBXGroup;
			children = (
				39DF5CD814249D8A00090805 /* FKiOSConstants.h */,
				391393A113C9B84C0049DA61 /* FKiOSShorthands.h */,
				9B297209141B83B2006124A2 /* NSObject+FKiOSAssociatedObjects.h */,
				9B29720A141B83B2006124A2 /* NSObject+FKiOSAssociatedObjects.m */,
				9B297205141B8317006124A2 /* NSValue+FKiOSConcise.h */,
				391393A213C9B84C0049DA61 /* UIApplication+FKConcise.h */,
				391393A313C9B84C0049DA61 /* UIApplication+FKConcise.m */,
				391393A413C9B84C0049DA61 /* UIScreen+FKConcise.h */,
				391393A513C9B84C0049DA61 /* UIScreen+FKConcise.m */,
				397F81BC14261227006B98BD /* UITableViewCell+FKConcise.h */,
				397F81BD14261227006B98BD /* UITableViewCell+FKConcise.m */,
			);
			path = Shorthands;
			sourceTree = "<group>";
		};
		391393A613C9B84C0049DA61 /* Universal */ = {
			isa = PBXGroup;
			children = (
				391393A713C9B84C0049DA61 /* FKUniversal.h */,
				391393A813C9B84C0049DA61 /* FKUniversal.m */,
			);
			path = Universal;
			sourceTree = "<group>";
		};
		39DF5CDB1424A05B00090805 /* TableView */ = {
			isa = PBXGroup;
			children = (
				39DF5CDC1424A08C00090805 /* FKColoredAccessoryView.h */,
				39DF5CDD1424A08C00090805 /* FKColoredAccessoryView.m */,
			);
			name = TableView;
			sourceTree = "<group>";
		};
		39DF5CE01424A5E300090805 /* Audio */ = {
			isa = PBXGroup;
			children = (
				39DF5CE11424A5FB00090805 /* FKSoundEffect.h */,
				39DF5CE21424A5FB00090805 /* FKSoundEffect.m */,
			);
			name = Audio;
			sourceTree = "<group>";
		};
		39DF5CE91424A96800090805 /* Products */ = {
			isa = PBXGroup;
			children = (
				39DF5CF21424A96900090805 /* libFoundationKitMac.a */,
				39DF5CF41424A96900090805 /* libFoundationKitiOS.a */,
				39DF5CF61424A96900090805 /* Tests.octest */,
			);
			name = Products;
			sourceTree = "<group>";
		};
		39DF5D741424B5EC00090805 /* Network */ = {
			isa = PBXGroup;
			children = (
				39DF5D751424B62000090805 /* FKNetworkActivityManager.h */,
				39DF5D761424B62000090805 /* FKNetworkActivityManager.m */,
			);
			name = Network;
			sourceTree = "<group>";
		};
		39F5165413C8E3F2008A9732 = {
			isa = PBXGroup;
			children = (
				3913939A13C9B84C0049DA61 /* Sources */,
				39F5166513C8E3F3008A9732 /* Supporting Files */,
				39F5166113C8E3F3008A9732 /* Frameworks */,
				39F5166013C8E3F3008A9732 /* Products */,
			);
			sourceTree = "<group>";
		};
		39F5166013C8E3F3008A9732 /* Products */ = {
			isa = PBXGroup;
			children = (
				39F5165F13C8E3F3008A9732 /* libiOSKit.a */,
			);
			name = Products;
			sourceTree = "<group>";
		};
		39F5166113C8E3F3008A9732 /* Frameworks */ = {
			isa = PBXGroup;
			children = (
				39DF5CE81424A96800090805 /* FoundationKit.xcodeproj */,
				393A2999142359550056CB37 /* CoreGraphics.framework */,
				39F5166213C8E3F3008A9732 /* Foundation.framework */,
				39CFA60114223E6300DC3E57 /* QuartzCore.framework */,
			);
			name = Frameworks;
			sourceTree = "<group>";
		};
		39F5166513C8E3F3008A9732 /* Supporting Files */ = {
			isa = PBXGroup;
			children = (
				3913939813C9B8450049DA61 /* Prefix.pch */,
			);
			name = "Supporting Files";
			path = iOSKit;
			sourceTree = "<group>";
		};
		9B297200141B7EF9006124A2 /* UIKit */ = {
			isa = PBXGroup;
			children = (
				3921678C142666E90018BD5A /* UIApplication+FKAdditions.h */,
				3921678D142666E90018BD5A /* UIApplication+FKAdditions.m */,
				39DF5DA81424BF0C00090805 /* UIApplication+FKNetwork.h */,
				39DF5DA91424BF0C00090805 /* UIApplication+FKNetwork.m */,
				39CFA5ED1422348600DC3E57 /* UIColor+FKAdditions.h */,
				39CFA5EE1422348600DC3E57 /* UIColor+FKAdditions.m */,
				39CFA5F51422398E00DC3E57 /* UIDevice+FKAdditions.h */,
				39CFA5F61422398E00DC3E57 /* UIDevice+FKAdditions.m */,
				39CFA5F914223C1200DC3E57 /* UIImageView+FKAdditions.h */,
				39CFA5FA14223C1200DC3E57 /* UIImageView+FKAdditions.m */,
				39CFA5FD14223CBE00DC3E57 /* UIScrollView+FKContentSize.h */,
				39CFA5FE14223CBE00DC3E57 /* UIScrollView+FKContentSize.m */,
				39CFA603142240DA00DC3E57 /* UITextView+FKAdditions.h */,
				39CFA604142240DA00DC3E57 /* UITextView+FKAdditions.m */,
				39CFA60B1422437300DC3E57 /* UIView+FKAdditions.h */,
				39CFA60C1422437400DC3E57 /* UIView+FKAdditions.m */,
				39CFA60F14224AF400DC3E57 /* UIView+FKAnimations.h */,
				39CFA61014224AF600DC3E57 /* UIView+FKAnimations.m */,
				39ACE7421422709B0022D8F8 /* UIView+FKContentSize.h */,
				39ACE7431422709B0022D8F8 /* UIView+FKContentSize.m */,
				39CFA6071422423300DC3E57 /* UIView+FKHierarchy.h */,
				39CFA6081422423400DC3E57 /* UIView+FKHierarchy.m */,
				39CFA5F1142234A600DC3E57 /* UIView+FKRotation.h */,
				39CFA5F2142234A600DC3E57 /* UIView+FKRotation.m */,
				393A299C142359C50056CB37 /* UIViewController+FKAdditions.h */,
				393A299D142359C50056CB37 /* UIViewController+FKAdditions.m */,
				39ACE81414228DC90022D8F8 /* UIViewController+FKLoading.h */,
				39ACE81514228DCB0022D8F8 /* UIViewController+FKLoading.m */,
			);
			name = UIKit;
			sourceTree = "<group>";
		};
/* End PBXGroup section */

/* Begin PBXHeadersBuildPhase section */
		39F5165D13C8E3F3008A9732 /* Headers */ = {
			isa = PBXHeadersBuildPhase;
			buildActionMask = 2147483647;
			files = (
				3913939913C9B8450049DA61 /* Prefix.pch in Headers */,
				391393AC13C9B84C0049DA61 /* FKiOSShorthands.h in Headers */,
				391393AD13C9B84C0049DA61 /* UIApplication+FKConcise.h in Headers */,
				391393AF13C9B84C0049DA61 /* UIScreen+FKConcise.h in Headers */,
				391393B113C9B84C0049DA61 /* FKUniversal.h in Headers */,
				391393B413C9C1310049DA61 /* iOSKit.h in Headers */,
				9B297207141B8317006124A2 /* NSValue+FKiOSConcise.h in Headers */,
				9B29720B141B83B2006124A2 /* NSObject+FKiOSAssociatedObjects.h in Headers */,
				39CFA5EF1422348700DC3E57 /* UIColor+FKAdditions.h in Headers */,
				39CFA5F3142234A600DC3E57 /* UIView+FKRotation.h in Headers */,
				39CFA5F71422398E00DC3E57 /* UIDevice+FKAdditions.h in Headers */,
				39CFA5FB14223C1300DC3E57 /* UIImageView+FKAdditions.h in Headers */,
				39CFA5FF14223CBE00DC3E57 /* UIScrollView+FKContentSize.h in Headers */,
				39CFA605142240DB00DC3E57 /* UITextView+FKAdditions.h in Headers */,
				39CFA6091422423500DC3E57 /* UIView+FKHierarchy.h in Headers */,
				39CFA60D1422437500DC3E57 /* UIView+FKAdditions.h in Headers */,
				39CFA61114224AF800DC3E57 /* UIView+FKAnimations.h in Headers */,
				39ACE7441422709B0022D8F8 /* UIView+FKContentSize.h in Headers */,
				39ACE81614228DCC0022D8F8 /* UIViewController+FKLoading.h in Headers */,
				393A299E142359C50056CB37 /* UIViewController+FKAdditions.h in Headers */,
				39DF5CD914249D8A00090805 /* FKiOSConstants.h in Headers */,
				39DF5CDE1424A08C00090805 /* FKColoredAccessoryView.h in Headers */,
				39DF5CE31424A5FB00090805 /* FKSoundEffect.h in Headers */,
				39DF5D771424B62000090805 /* FKNetworkActivityManager.h in Headers */,
				39DF5DAA1424BF0D00090805 /* UIApplication+FKNetwork.h in Headers */,
				397F81BE14261227006B98BD /* UITableViewCell+FKConcise.h in Headers */,
				3921678E142666E90018BD5A /* UIApplication+FKAdditions.h in Headers */,
			);
			runOnlyForDeploymentPostprocessing = 0;
		};
/* End PBXHeadersBuildPhase section */

/* Begin PBXNativeTarget section */
		39F5165E13C8E3F3008A9732 /* iOSKit */ = {
			isa = PBXNativeTarget;
			buildConfigurationList = 39F5166913C8E3F3008A9732 /* Build configuration list for PBXNativeTarget "iOSKit" */;
			buildPhases = (
				39F5165B13C8E3F3008A9732 /* Sources */,
				39F5165C13C8E3F3008A9732 /* Frameworks */,
				39F5165D13C8E3F3008A9732 /* Headers */,
			);
			buildRules = (
			);
			dependencies = (
				39DF5CF81424A97400090805 /* PBXTargetDependency */,
			);
			name = iOSKit;
			productName = iOSKit;
			productReference = 39F5165F13C8E3F3008A9732 /* libiOSKit.a */;
			productType = "com.apple.product-type.library.static";
		};
/* End PBXNativeTarget section */

/* Begin PBXProject section */
		39F5165613C8E3F2008A9732 /* Project object */ = {
			isa = PBXProject;
			attributes = {
				LastUpgradeCheck = 0420;
				ORGANIZATIONNAME = "NOUS Wissensmanagement GmbH";
			};
			buildConfigurationList = 39F5165913C8E3F2008A9732 /* Build configuration list for PBXProject "iOSKit" */;
			compatibilityVersion = "Xcode 3.2";
			developmentRegion = English;
			hasScannedForEncodings = 0;
			knownRegions = (
				en,
			);
			mainGroup = 39F5165413C8E3F2008A9732;
			productRefGroup = 39F5166013C8E3F3008A9732 /* Products */;
			projectDirPath = "";
			projectReferences = (
				{
					ProductGroup = 39DF5CE91424A96800090805 /* Products */;
					ProjectRef = 39DF5CE81424A96800090805 /* FoundationKit.xcodeproj */;
				},
			);
			projectRoot = "";
			targets = (
				39F5165E13C8E3F3008A9732 /* iOSKit */,
			);
		};
/* End PBXProject section */

/* Begin PBXReferenceProxy section */
		39DF5CF21424A96900090805 /* libFoundationKitMac.a */ = {
			isa = PBXReferenceProxy;
			fileType = archive.ar;
			path = libFoundationKitMac.a;
			remoteRef = 39DF5CF11424A96900090805 /* PBXContainerItemProxy */;
			sourceTree = BUILT_PRODUCTS_DIR;
		};
		39DF5CF41424A96900090805 /* libFoundationKitiOS.a */ = {
			isa = PBXReferenceProxy;
			fileType = archive.ar;
			path = libFoundationKitiOS.a;
			remoteRef = 39DF5CF31424A96900090805 /* PBXContainerItemProxy */;
			sourceTree = BUILT_PRODUCTS_DIR;
		};
		39DF5CF61424A96900090805 /* Tests.octest */ = {
			isa = PBXReferenceProxy;
			fileType = wrapper.cfbundle;
			path = Tests.octest;
			remoteRef = 39DF5CF51424A96900090805 /* PBXContainerItemProxy */;
			sourceTree = BUILT_PRODUCTS_DIR;
		};
/* End PBXReferenceProxy section */

/* Begin PBXSourcesBuildPhase section */
		39F5165B13C8E3F3008A9732 /* Sources */ = {
			isa = PBXSourcesBuildPhase;
			buildActionMask = 2147483647;
			files = (
				391393AE13C9B84C0049DA61 /* UIApplication+FKConcise.m in Sources */,
				391393B013C9B84C0049DA61 /* UIScreen+FKConcise.m in Sources */,
				391393B213C9B84C0049DA61 /* FKUniversal.m in Sources */,
				9B29720C141B83B2006124A2 /* NSObject+FKiOSAssociatedObjects.m in Sources */,
				39CFA5F01422348700DC3E57 /* UIColor+FKAdditions.m in Sources */,
				39CFA5F4142234A600DC3E57 /* UIView+FKRotation.m in Sources */,
				39CFA5F81422398E00DC3E57 /* UIDevice+FKAdditions.m in Sources */,
				39CFA5FC14223C1300DC3E57 /* UIImageView+FKAdditions.m in Sources */,
				39CFA60014223CBE00DC3E57 /* UIScrollView+FKContentSize.m in Sources */,
				39CFA606142240DB00DC3E57 /* UITextView+FKAdditions.m in Sources */,
				39CFA60A1422423500DC3E57 /* UIView+FKHierarchy.m in Sources */,
				39CFA60E1422437500DC3E57 /* UIView+FKAdditions.m in Sources */,
				39CFA61214224AF800DC3E57 /* UIView+FKAnimations.m in Sources */,
				39ACE7451422709B0022D8F8 /* UIView+FKContentSize.m in Sources */,
				39ACE81714228DCC0022D8F8 /* UIViewController+FKLoading.m in Sources */,
				393A299F142359C50056CB37 /* UIViewController+FKAdditions.m in Sources */,
				39DF5CDF1424A08C00090805 /* FKColoredAccessoryView.m in Sources */,
				39DF5CE41424A5FB00090805 /* FKSoundEffect.m in Sources */,
				39DF5D781424B62000090805 /* FKNetworkActivityManager.m in Sources */,
				39DF5DAB1424BF0D00090805 /* UIApplication+FKNetwork.m in Sources */,
				397F81BF14261227006B98BD /* UITableViewCell+FKConcise.m in Sources */,
				3921678F142666E90018BD5A /* UIApplication+FKAdditions.m in Sources */,
			);
			runOnlyForDeploymentPostprocessing = 0;
		};
/* End PBXSourcesBuildPhase section */

/* Begin PBXTargetDependency section */
		39DF5CF81424A97400090805 /* PBXTargetDependency */ = {
			isa = PBXTargetDependency;
			name = FoundationKitiOS;
			targetProxy = 39DF5CF71424A97400090805 /* PBXContainerItemProxy */;
		};
/* End PBXTargetDependency section */

/* Begin XCBuildConfiguration section */
		39F5166713C8E3F3008A9732 /* Debug */ = {
			isa = XCBuildConfiguration;
			buildSettings = {
				ALWAYS_SEARCH_USER_PATHS = NO;
				ARCHS = "$(ARCHS_STANDARD_32_BIT)";
				CLANG_ENABLE_OBJC_ARC = YES;
				COPY_PHASE_STRIP = NO;
				GCC_C_LANGUAGE_STANDARD = gnu99;
				GCC_DYNAMIC_NO_PIC = NO;
				GCC_OPTIMIZATION_LEVEL = 0;
				GCC_PREPROCESSOR_DEFINITIONS = (
					"DEBUG=1",
					"$(inherited)",
				);
				GCC_SYMBOLS_PRIVATE_EXTERN = NO;
				GCC_VERSION = com.apple.compilers.llvm.clang.1_0;
				GCC_WARN_ABOUT_MISSING_PROTOTYPES = YES;
				GCC_WARN_ABOUT_RETURN_TYPE = YES;
				GCC_WARN_UNUSED_VARIABLE = YES;
				HEADER_SEARCH_PATHS = "FoundationKit/**";
				IPHONEOS_DEPLOYMENT_TARGET = 4.0;
				SDKROOT = iphoneos;
			};
			name = Debug;
		};
		39F5166813C8E3F3008A9732 /* Release */ = {
			isa = XCBuildConfiguration;
			buildSettings = {
				ALWAYS_SEARCH_USER_PATHS = NO;
				ARCHS = "$(ARCHS_STANDARD_32_BIT)";
				CLANG_ENABLE_OBJC_ARC = YES;
				COPY_PHASE_STRIP = YES;
				GCC_C_LANGUAGE_STANDARD = gnu99;
				GCC_VERSION = com.apple.compilers.llvm.clang.1_0;
				GCC_WARN_ABOUT_MISSING_PROTOTYPES = YES;
				GCC_WARN_ABOUT_RETURN_TYPE = YES;
				GCC_WARN_UNUSED_VARIABLE = YES;
				HEADER_SEARCH_PATHS = "FoundationKit/**";
				IPHONEOS_DEPLOYMENT_TARGET = 4.0;
				SDKROOT = iphoneos;
				VALIDATE_PRODUCT = YES;
			};
			name = Release;
		};
		39F5166A13C8E3F3008A9732 /* Debug */ = {
			isa = XCBuildConfiguration;
			buildSettings = {
				DSTROOT = /tmp/iOSKit.dst;
				GCC_PRECOMPILE_PREFIX_HEADER = YES;
				GCC_PREFIX_HEADER = Sources/Prefix.pch;
				IPHONEOS_DEPLOYMENT_TARGET = 4.0;
				OTHER_LDFLAGS = (
					"-ObjC",
					"-all_load",
				);
				PRODUCT_NAME = "$(TARGET_NAME)";
				SKIP_INSTALL = YES;
			};
			name = Debug;
		};
		39F5166B13C8E3F3008A9732 /* Release */ = {
			isa = XCBuildConfiguration;
			buildSettings = {
				DSTROOT = /tmp/iOSKit.dst;
				GCC_PRECOMPILE_PREFIX_HEADER = YES;
				GCC_PREFIX_HEADER = Sources/Prefix.pch;
				IPHONEOS_DEPLOYMENT_TARGET = 4.0;
				OTHER_LDFLAGS = (
					"-ObjC",
					"-all_load",
				);
				PRODUCT_NAME = "$(TARGET_NAME)";
				SKIP_INSTALL = YES;
			};
			name = Release;
		};
/* End XCBuildConfiguration section */

/* Begin XCConfigurationList section */
		39F5165913C8E3F2008A9732 /* Build configuration list for PBXProject "iOSKit" */ = {
			isa = XCConfigurationList;
			buildConfigurations = (
				39F5166713C8E3F3008A9732 /* Debug */,
				39F5166813C8E3F3008A9732 /* Release */,
			);
			defaultConfigurationIsVisible = 0;
			defaultConfigurationName = Release;
		};
		39F5166913C8E3F3008A9732 /* Build configuration list for PBXNativeTarget "iOSKit" */ = {
			isa = XCConfigurationList;
			buildConfigurations = (
				39F5166A13C8E3F3008A9732 /* Debug */,
				39F5166B13C8E3F3008A9732 /* Release */,
			);
			defaultConfigurationIsVisible = 0;
			defaultConfigurationName = Release;
		};
/* End XCConfigurationList section */
	};
	rootObject = 39F5165613C8E3F2008A9732 /* Project object */;
}
