// !$*UTF8*$!
{
	archiveVersion = 1;
	classes = {
	};
	objectVersion = 46;
	objects = {

/* Begin PBXBuildFile section */
		3913939913C9B8450049DA61 /* Prefix.pch in Headers */ = {isa = PBXBuildFile; fileRef = 3913939813C9B8450049DA61 /* Prefix.pch */; };
		391393AC13C9B84C0049DA61 /* FKiOSShorthands.h in Headers */ = {isa = PBXBuildFile; fileRef = 391393A113C9B84C0049DA61 /* FKiOSShorthands.h */; };
		391393AD13C9B84C0049DA61 /* UIApplication+FKConcise.h in Headers */ = {isa = PBXBuildFile; fileRef = 391393A213C9B84C0049DA61 /* UIApplication+FKConcise.h */; };
		391393AE13C9B84C0049DA61 /* UIApplication+FKConcise.m in Sources */ = {isa = PBXBuildFile; fileRef = 391393A313C9B84C0049DA61 /* UIApplication+FKConcise.m */; };
		391393AF13C9B84C0049DA61 /* UIScreen+FKConcise.h in Headers */ = {isa = PBXBuildFile; fileRef = 391393A413C9B84C0049DA61 /* UIScreen+FKConcise.h */; };
		391393B013C9B84C0049DA61 /* UIScreen+FKConcise.m in Sources */ = {isa = PBXBuildFile; fileRef = 391393A513C9B84C0049DA61 /* UIScreen+FKConcise.m */; };
		391393B113C9B84C0049DA61 /* FKUniversal.h in Headers */ = {isa = PBXBuildFile; fileRef = 391393A713C9B84C0049DA61 /* FKUniversal.h */; };
		391393B213C9B84C0049DA61 /* FKUniversal.m in Sources */ = {isa = PBXBuildFile; fileRef = 391393A813C9B84C0049DA61 /* FKUniversal.m */; };
		391393B413C9C1310049DA61 /* iOSKit.h in Headers */ = {isa = PBXBuildFile; fileRef = 391393B313C9C1310049DA61 /* iOSKit.h */; };
		39F5166313C8E3F3008A9732 /* Foundation.framework in Frameworks */ = {isa = PBXBuildFile; fileRef = 39F5166213C8E3F3008A9732 /* Foundation.framework */; };
		9B297203141B7F1B006124A2 /* UIView+FKRotation.h in Headers */ = {isa = PBXBuildFile; fileRef = 9B297201141B7F1B006124A2 /* UIView+FKRotation.h */; };
		9B297204141B7F1B006124A2 /* UIView+FKRotation.m in Sources */ = {isa = PBXBuildFile; fileRef = 9B297202141B7F1B006124A2 /* UIView+FKRotation.m */; };
/* End PBXBuildFile section */

/* Begin PBXFileReference section */
		3913939813C9B8450049DA61 /* Prefix.pch */ = {isa = PBXFileReference; fileEncoding = 4; lastKnownFileType = sourcecode.c.h; name = Prefix.pch; path = Sources/Prefix.pch; sourceTree = SOURCE_ROOT; };
		391393A113C9B84C0049DA61 /* FKiOSShorthands.h */ = {isa = PBXFileReference; fileEncoding = 4; lastKnownFileType = sourcecode.c.h; path = FKiOSShorthands.h; sourceTree = "<group>"; };
		391393A213C9B84C0049DA61 /* UIApplication+FKConcise.h */ = {isa = PBXFileReference; fileEncoding = 4; lastKnownFileType = sourcecode.c.h; path = "UIApplication+FKConcise.h"; sourceTree = "<group>"; };
		391393A313C9B84C0049DA61 /* UIApplication+FKConcise.m */ = {isa = PBXFileReference; fileEncoding = 4; lastKnownFileType = sourcecode.c.objc; path = "UIApplication+FKConcise.m"; sourceTree = "<group>"; };
		391393A413C9B84C0049DA61 /* UIScreen+FKConcise.h */ = {isa = PBXFileReference; fileEncoding = 4; lastKnownFileType = sourcecode.c.h; path = "UIScreen+FKConcise.h"; sourceTree = "<group>"; };
		391393A513C9B84C0049DA61 /* UIScreen+FKConcise.m */ = {isa = PBXFileReference; fileEncoding = 4; lastKnownFileType = sourcecode.c.objc; path = "UIScreen+FKConcise.m"; sourceTree = "<group>"; };
		391393A713C9B84C0049DA61 /* FKUniversal.h */ = {isa = PBXFileReference; fileEncoding = 4; lastKnownFileType = sourcecode.c.h; path = FKUniversal.h; sourceTree = "<group>"; };
		391393A813C9B84C0049DA61 /* FKUniversal.m */ = {isa = PBXFileReference; fileEncoding = 4; lastKnownFileType = sourcecode.c.objc; path = FKUniversal.m; sourceTree = "<group>"; };
		391393B313C9C1310049DA61 /* iOSKit.h */ = {isa = PBXFileReference; fileEncoding = 4; lastKnownFileType = sourcecode.c.h; path = iOSKit.h; sourceTree = "<group>"; };
		39F5165F13C8E3F3008A9732 /* libiOSKit.a */ = {isa = PBXFileReference; explicitFileType = archive.ar; includeInIndex = 0; path = libiOSKit.a; sourceTree = BUILT_PRODUCTS_DIR; };
		39F5166213C8E3F3008A9732 /* Foundation.framework */ = {isa = PBXFileReference; lastKnownFileType = wrapper.framework; name = Foundation.framework; path = System/Library/Frameworks/Foundation.framework; sourceTree = SDKROOT; };
		9B297201141B7F1B006124A2 /* UIView+FKRotation.h */ = {isa = PBXFileReference; fileEncoding = 4; lastKnownFileType = sourcecode.c.h; path = "UIView+FKRotation.h"; sourceTree = "<group>"; };
		9B297202141B7F1B006124A2 /* UIView+FKRotation.m */ = {isa = PBXFileReference; fileEncoding = 4; lastKnownFileType = sourcecode.c.objc; path = "UIView+FKRotation.m"; sourceTree = "<group>"; };
/* End PBXFileReference section */

/* Begin PBXFrameworksBuildPhase section */
		39F5165C13C8E3F3008A9732 /* Frameworks */ = {
			isa = PBXFrameworksBuildPhase;
			buildActionMask = 2147483647;
			files = (
				39F5166313C8E3F3008A9732 /* Foundation.framework in Frameworks */,
			);
			runOnlyForDeploymentPostprocessing = 0;
		};
/* End PBXFrameworksBuildPhase section */

/* Begin PBXGroup section */
		3913939A13C9B84C0049DA61 /* Sources */ = {
			isa = PBXGroup;
			children = (
				391393B313C9C1310049DA61 /* iOSKit.h */,
				391393A013C9B84C0049DA61 /* Shorthands */,
				9B297200141B7EF9006124A2 /* UIKit */,
				391393A613C9B84C0049DA61 /* Universal */,
			);
			path = Sources;
			sourceTree = "<group>";
		};
		391393A013C9B84C0049DA61 /* Shorthands */ = {
			isa = PBXGroup;
			children = (
				391393A113C9B84C0049DA61 /* FKiOSShorthands.h */,
				391393A213C9B84C0049DA61 /* UIApplication+FKConcise.h */,
				391393A313C9B84C0049DA61 /* UIApplication+FKConcise.m */,
				391393A413C9B84C0049DA61 /* UIScreen+FKConcise.h */,
				391393A513C9B84C0049DA61 /* UIScreen+FKConcise.m */,
			);
			path = Shorthands;
			sourceTree = "<group>";
		};
		391393A613C9B84C0049DA61 /* Universal */ = {
			isa = PBXGroup;
			children = (
				391393A713C9B84C0049DA61 /* FKUniversal.h */,
				391393A813C9B84C0049DA61 /* FKUniversal.m */,
			);
			path = Universal;
			sourceTree = "<group>";
		};
		39F5165413C8E3F2008A9732 = {
			isa = PBXGroup;
			children = (
				3913939A13C9B84C0049DA61 /* Sources */,
				39F5166513C8E3F3008A9732 /* Supporting Files */,
				39F5166113C8E3F3008A9732 /* Frameworks */,
				39F5166013C8E3F3008A9732 /* Products */,
			);
			sourceTree = "<group>";
		};
		39F5166013C8E3F3008A9732 /* Products */ = {
			isa = PBXGroup;
			children = (
				39F5165F13C8E3F3008A9732 /* libiOSKit.a */,
			);
			name = Products;
			sourceTree = "<group>";
		};
		39F5166113C8E3F3008A9732 /* Frameworks */ = {
			isa = PBXGroup;
			children = (
				39F5166213C8E3F3008A9732 /* Foundation.framework */,
			);
			name = Frameworks;
			sourceTree = "<group>";
		};
		39F5166513C8E3F3008A9732 /* Supporting Files */ = {
			isa = PBXGroup;
			children = (
				3913939813C9B8450049DA61 /* Prefix.pch */,
			);
			name = "Supporting Files";
			path = iOSKit;
			sourceTree = "<group>";
		};
		9B297200141B7EF9006124A2 /* UIKit */ = {
			isa = PBXGroup;
			children = (
				9B297201141B7F1B006124A2 /* UIView+FKRotation.h */,
				9B297202141B7F1B006124A2 /* UIView+FKRotation.m */,
			);
			name = UIKit;
			sourceTree = "<group>";
		};
/* End PBXGroup section */

/* Begin PBXHeadersBuildPhase section */
		39F5165D13C8E3F3008A9732 /* Headers */ = {
			isa = PBXHeadersBuildPhase;
			buildActionMask = 2147483647;
			files = (
				3913939913C9B8450049DA61 /* Prefix.pch in Headers */,
				391393AC13C9B84C0049DA61 /* FKiOSShorthands.h in Headers */,
				391393AD13C9B84C0049DA61 /* UIApplication+FKConcise.h in Headers */,
				391393AF13C9B84C0049DA61 /* UIScreen+FKConcise.h in Headers */,
				391393B113C9B84C0049DA61 /* FKUniversal.h in Headers */,
				391393B413C9C1310049DA61 /* iOSKit.h in Headers */,
				9B297203141B7F1B006124A2 /* UIView+FKRotation.h in Headers */,
			);
			runOnlyForDeploymentPostprocessing = 0;
		};
/* End PBXHeadersBuildPhase section */

/* Begin PBXNativeTarget section */
		39F5165E13C8E3F3008A9732 /* iOSKit */ = {
			isa = PBXNativeTarget;
			buildConfigurationList = 39F5166913C8E3F3008A9732 /* Build configuration list for PBXNativeTarget "iOSKit" */;
			buildPhases = (
				39F5165B13C8E3F3008A9732 /* Sources */,
				39F5165C13C8E3F3008A9732 /* Frameworks */,
				39F5165D13C8E3F3008A9732 /* Headers */,
			);
			buildRules = (
			);
			dependencies = (
			);
			name = iOSKit;
			productName = iOSKit;
			productReference = 39F5165F13C8E3F3008A9732 /* libiOSKit.a */;
			productType = "com.apple.product-type.library.static";
		};
/* End PBXNativeTarget section */

/* Begin PBXProject section */
		39F5165613C8E3F2008A9732 /* Project object */ = {
			isa = PBXProject;
			attributes = {
				ORGANIZATIONNAME = "NOUS Wissensmanagement GmbH";
			};
			buildConfigurationList = 39F5165913C8E3F2008A9732 /* Build configuration list for PBXProject "iOSKit" */;
			compatibilityVersion = "Xcode 3.2";
			developmentRegion = English;
			hasScannedForEncodings = 0;
			knownRegions = (
				en,
			);
			mainGroup = 39F5165413C8E3F2008A9732;
			productRefGroup = 39F5166013C8E3F3008A9732 /* Products */;
			projectDirPath = "";
			projectRoot = "";
			targets = (
				39F5165E13C8E3F3008A9732 /* iOSKit */,
			);
		};
/* End PBXProject section */

/* Begin PBXSourcesBuildPhase section */
		39F5165B13C8E3F3008A9732 /* Sources */ = {
			isa = PBXSourcesBuildPhase;
			buildActionMask = 2147483647;
			files = (
				391393AE13C9B84C0049DA61 /* UIApplication+FKConcise.m in Sources */,
				391393B013C9B84C0049DA61 /* UIScreen+FKConcise.m in Sources */,
				391393B213C9B84C0049DA61 /* FKUniversal.m in Sources */,
				9B297204141B7F1B006124A2 /* UIView+FKRotation.m in Sources */,
			);
			runOnlyForDeploymentPostprocessing = 0;
		};
/* End PBXSourcesBuildPhase section */

/* Begin XCBuildConfiguration section */
		39F5166713C8E3F3008A9732 /* Debug */ = {
			isa = XCBuildConfiguration;
			buildSettings = {
				ALWAYS_SEARCH_USER_PATHS = NO;
				ARCHS = "$(ARCHS_STANDARD_32_BIT)";
				CLANG_ENABLE_OBJC_ARC = YES;
				COPY_PHASE_STRIP = NO;
				GCC_C_LANGUAGE_STANDARD = gnu99;
				GCC_DYNAMIC_NO_PIC = NO;
				GCC_OPTIMIZATION_LEVEL = 0;
				GCC_PREPROCESSOR_DEFINITIONS = (
					"DEBUG=1",
					"$(inherited)",
				);
				GCC_SYMBOLS_PRIVATE_EXTERN = NO;
				GCC_VERSION = com.apple.compilers.llvm.clang.1_0;
				GCC_WARN_ABOUT_MISSING_PROTOTYPES = YES;
				GCC_WARN_ABOUT_RETURN_TYPE = YES;
				GCC_WARN_UNUSED_VARIABLE = YES;
				IPHONEOS_DEPLOYMENT_TARGET = 5.0;
				SDKROOT = iphoneos;
			};
			name = Debug;
		};
		39F5166813C8E3F3008A9732 /* Release */ = {
			isa = XCBuildConfiguration;
			buildSettings = {
				ALWAYS_SEARCH_USER_PATHS = NO;
				ARCHS = "$(ARCHS_STANDARD_32_BIT)";
				CLANG_ENABLE_OBJC_ARC = YES;
				COPY_PHASE_STRIP = YES;
				GCC_C_LANGUAGE_STANDARD = gnu99;
				GCC_VERSION = com.apple.compilers.llvm.clang.1_0;
				GCC_WARN_ABOUT_MISSING_PROTOTYPES = YES;
				GCC_WARN_ABOUT_RETURN_TYPE = YES;
				GCC_WARN_UNUSED_VARIABLE = YES;
				IPHONEOS_DEPLOYMENT_TARGET = 5.0;
				SDKROOT = iphoneos;
				VALIDATE_PRODUCT = YES;
			};
			name = Release;
		};
		39F5166A13C8E3F3008A9732 /* Debug */ = {
			isa = XCBuildConfiguration;
			buildSettings = {
				DSTROOT = /tmp/iOSKit.dst;
				GCC_PRECOMPILE_PREFIX_HEADER = YES;
				GCC_PREFIX_HEADER = Sources/Prefix.pch;
				IPHONEOS_DEPLOYMENT_TARGET = 4.0;
				OTHER_LDFLAGS = (
					"-ObjC",
					"-all_load",
				);
				PRODUCT_NAME = "$(TARGET_NAME)";
				SKIP_INSTALL = YES;
			};
			name = Debug;
		};
		39F5166B13C8E3F3008A9732 /* Release */ = {
			isa = XCBuildConfiguration;
			buildSettings = {
				DSTROOT = /tmp/iOSKit.dst;
				GCC_PRECOMPILE_PREFIX_HEADER = YES;
				GCC_PREFIX_HEADER = Sources/Prefix.pch;
				IPHONEOS_DEPLOYMENT_TARGET = 4.0;
				OTHER_LDFLAGS = (
					"-ObjC",
					"-all_load",
				);
				PRODUCT_NAME = "$(TARGET_NAME)";
				SKIP_INSTALL = YES;
			};
			name = Release;
		};
/* End XCBuildConfiguration section */

/* Begin XCConfigurationList section */
		39F5165913C8E3F2008A9732 /* Build configuration list for PBXProject "iOSKit" */ = {
			isa = XCConfigurationList;
			buildConfigurations = (
				39F5166713C8E3F3008A9732 /* Debug */,
				39F5166813C8E3F3008A9732 /* Release */,
			);
			defaultConfigurationIsVisible = 0;
			defaultConfigurationName = Release;
		};
		39F5166913C8E3F3008A9732 /* Build configuration list for PBXNativeTarget "iOSKit" */ = {
			isa = XCConfigurationList;
			buildConfigurations = (
				39F5166A13C8E3F3008A9732 /* Debug */,
				39F5166B13C8E3F3008A9732 /* Release */,
			);
			defaultConfigurationIsVisible = 0;
			defaultConfigurationName = Release;
		};
/* End XCConfigurationList section */
	};
	rootObject = 39F5165613C8E3F2008A9732 /* Project object */;
}
