// !$*UTF8*$!
{
	archiveVersion = 1;
	classes = {
	};
	objectVersion = 46;
	objects = {

/* Begin PBXBuildFile section */
		399F4CA513C8FCB60008CC0E /* UIApplication+NKConcise.h in Headers */ = {isa = PBXBuildFile; fileRef = 399F4CA313C8FCB60008CC0E /* UIApplication+NKConcise.h */; };
		399F4CA613C8FCB60008CC0E /* UIScreen+NKConcise.h in Headers */ = {isa = PBXBuildFile; fileRef = 399F4CA413C8FCB60008CC0E /* UIScreen+NKConcise.h */; };
		399F4CAF13C8FD2A0008CC0E /* NKUniversal.h in Headers */ = {isa = PBXBuildFile; fileRef = 399F4CAD13C8FD2A0008CC0E /* NKUniversal.h */; };
		399F4CB013C8FD2A0008CC0E /* NKUniversal.m in Sources */ = {isa = PBXBuildFile; fileRef = 399F4CAE13C8FD2A0008CC0E /* NKUniversal.m */; };
		399F4CCF13C902F40008CC0E /* UIScreen+NKConcise.m in Sources */ = {isa = PBXBuildFile; fileRef = 399F4CCE13C902F40008CC0E /* UIScreen+NKConcise.m */; };
		399F4CD113C903A30008CC0E /* UIApplication+NKConcise.m in Sources */ = {isa = PBXBuildFile; fileRef = 399F4CD013C903A30008CC0E /* UIApplication+NKConcise.m */; };
		399F4CD613C907610008CC0E /* NKiOSShorthands.h in Headers */ = {isa = PBXBuildFile; fileRef = 399F4CD513C907610008CC0E /* NKiOSShorthands.h */; };
		39F5166313C8E3F3008A9732 /* Foundation.framework in Frameworks */ = {isa = PBXBuildFile; fileRef = 39F5166213C8E3F3008A9732 /* Foundation.framework */; };
/* End PBXBuildFile section */

/* Begin PBXFileReference section */
		399F4CA313C8FCB60008CC0E /* UIApplication+NKConcise.h */ = {isa = PBXFileReference; fileEncoding = 4; lastKnownFileType = sourcecode.c.h; path = "UIApplication+NKConcise.h"; sourceTree = "<group>"; };
		399F4CA413C8FCB60008CC0E /* UIScreen+NKConcise.h */ = {isa = PBXFileReference; fileEncoding = 4; lastKnownFileType = sourcecode.c.h; path = "UIScreen+NKConcise.h"; sourceTree = "<group>"; };
		399F4CAD13C8FD2A0008CC0E /* NKUniversal.h */ = {isa = PBXFileReference; fileEncoding = 4; lastKnownFileType = sourcecode.c.h; path = NKUniversal.h; sourceTree = "<group>"; };
		399F4CAE13C8FD2A0008CC0E /* NKUniversal.m */ = {isa = PBXFileReference; fileEncoding = 4; lastKnownFileType = sourcecode.c.objc; path = NKUniversal.m; sourceTree = "<group>"; };
		399F4CCE13C902F40008CC0E /* UIScreen+NKConcise.m */ = {isa = PBXFileReference; fileEncoding = 4; lastKnownFileType = sourcecode.c.objc; path = "UIScreen+NKConcise.m"; sourceTree = "<group>"; };
		399F4CD013C903A30008CC0E /* UIApplication+NKConcise.m */ = {isa = PBXFileReference; fileEncoding = 4; lastKnownFileType = sourcecode.c.objc; path = "UIApplication+NKConcise.m"; sourceTree = "<group>"; };
		399F4CD513C907610008CC0E /* NKiOSShorthands.h */ = {isa = PBXFileReference; fileEncoding = 4; lastKnownFileType = sourcecode.c.h; path = NKiOSShorthands.h; sourceTree = "<group>"; };
		39F5165F13C8E3F3008A9732 /* libiOSKit.a */ = {isa = PBXFileReference; explicitFileType = archive.ar; includeInIndex = 0; path = libiOSKit.a; sourceTree = BUILT_PRODUCTS_DIR; };
		39F5166213C8E3F3008A9732 /* Foundation.framework */ = {isa = PBXFileReference; lastKnownFileType = wrapper.framework; name = Foundation.framework; path = System/Library/Frameworks/Foundation.framework; sourceTree = SDKROOT; };
		39F5166613C8E3F3008A9732 /* Prefix.pch */ = {isa = PBXFileReference; lastKnownFileType = sourcecode.c.h; path = Prefix.pch; sourceTree = "<group>"; };
/* End PBXFileReference section */

/* Begin PBXFrameworksBuildPhase section */
		39F5165C13C8E3F3008A9732 /* Frameworks */ = {
			isa = PBXFrameworksBuildPhase;
			buildActionMask = 2147483647;
			files = (
				39F5166313C8E3F3008A9732 /* Foundation.framework in Frameworks */,
			);
			runOnlyForDeploymentPostprocessing = 0;
		};
/* End PBXFrameworksBuildPhase section */

/* Begin PBXGroup section */
		399F4CA213C8FCB60008CC0E /* Shorthands */ = {
			isa = PBXGroup;
			children = (
				399F4CA313C8FCB60008CC0E /* UIApplication+NKConcise.h */,
				399F4CD013C903A30008CC0E /* UIApplication+NKConcise.m */,
				399F4CA413C8FCB60008CC0E /* UIScreen+NKConcise.h */,
				399F4CCE13C902F40008CC0E /* UIScreen+NKConcise.m */,
				399F4CD513C907610008CC0E /* NKiOSShorthands.h */,
			);
			path = Shorthands;
			sourceTree = "<group>";
		};
		399F4CAC13C8FD290008CC0E /* Universal */ = {
			isa = PBXGroup;
			children = (
				399F4CAD13C8FD2A0008CC0E /* NKUniversal.h */,
				399F4CAE13C8FD2A0008CC0E /* NKUniversal.m */,
			);
			path = Universal;
			sourceTree = "<group>";
		};
		39F5165413C8E3F2008A9732 = {
			isa = PBXGroup;
			children = (
				39F5166413C8E3F3008A9732 /* Sources */,
				39F5166513C8E3F3008A9732 /* Supporting Files */,
				39F5166113C8E3F3008A9732 /* Frameworks */,
				39F5166013C8E3F3008A9732 /* Products */,
			);
			sourceTree = "<group>";
		};
		39F5166013C8E3F3008A9732 /* Products */ = {
			isa = PBXGroup;
			children = (
				39F5165F13C8E3F3008A9732 /* libiOSKit.a */,
			);
			name = Products;
			sourceTree = "<group>";
		};
		39F5166113C8E3F3008A9732 /* Frameworks */ = {
			isa = PBXGroup;
			children = (
				39F5166213C8E3F3008A9732 /* Foundation.framework */,
			);
			name = Frameworks;
			sourceTree = "<group>";
		};
		39F5166413C8E3F3008A9732 /* Sources */ = {
			isa = PBXGroup;
			children = (
				399F4CA213C8FCB60008CC0E /* Shorthands */,
				399F4CAC13C8FD290008CC0E /* Universal */,
			);
			name = Sources;
			path = iOSKit;
			sourceTree = "<group>";
		};
		39F5166513C8E3F3008A9732 /* Supporting Files */ = {
			isa = PBXGroup;
			children = (
				39F5166613C8E3F3008A9732 /* Prefix.pch */,
			);
			name = "Supporting Files";
			path = iOSKit;
			sourceTree = "<group>";
		};
/* End PBXGroup section */

/* Begin PBXHeadersBuildPhase section */
		39F5165D13C8E3F3008A9732 /* Headers */ = {
			isa = PBXHeadersBuildPhase;
			buildActionMask = 2147483647;
			files = (
				399F4CA513C8FCB60008CC0E /* UIApplication+NKConcise.h in Headers */,
				399F4CA613C8FCB60008CC0E /* UIScreen+NKConcise.h in Headers */,
				399F4CAF13C8FD2A0008CC0E /* NKUniversal.h in Headers */,
				399F4CD613C907610008CC0E /* NKiOSShorthands.h in Headers */,
			);
			runOnlyForDeploymentPostprocessing = 0;
		};
/* End PBXHeadersBuildPhase section */

/* Begin PBXNativeTarget section */
		39F5165E13C8E3F3008A9732 /* iOSKit */ = {
			isa = PBXNativeTarget;
			buildConfigurationList = 39F5166913C8E3F3008A9732 /* Build configuration list for PBXNativeTarget "iOSKit" */;
			buildPhases = (
				39F5165B13C8E3F3008A9732 /* Sources */,
				39F5165C13C8E3F3008A9732 /* Frameworks */,
				39F5165D13C8E3F3008A9732 /* Headers */,
			);
			buildRules = (
			);
			dependencies = (
			);
			name = iOSKit;
			productName = iOSKit;
			productReference = 39F5165F13C8E3F3008A9732 /* libiOSKit.a */;
			productType = "com.apple.product-type.library.static";
		};
/* End PBXNativeTarget section */

/* Begin PBXProject section */
		39F5165613C8E3F2008A9732 /* Project object */ = {
			isa = PBXProject;
			attributes = {
				ORGANIZATIONNAME = "NOUS Wissensmanagement GmbH";
			};
			buildConfigurationList = 39F5165913C8E3F2008A9732 /* Build configuration list for PBXProject "iOSKit" */;
			compatibilityVersion = "Xcode 3.2";
			developmentRegion = English;
			hasScannedForEncodings = 0;
			knownRegions = (
				en,
			);
			mainGroup = 39F5165413C8E3F2008A9732;
			productRefGroup = 39F5166013C8E3F3008A9732 /* Products */;
			projectDirPath = "";
			projectRoot = "";
			targets = (
				39F5165E13C8E3F3008A9732 /* iOSKit */,
			);
		};
/* End PBXProject section */

/* Begin PBXSourcesBuildPhase section */
		39F5165B13C8E3F3008A9732 /* Sources */ = {
			isa = PBXSourcesBuildPhase;
			buildActionMask = 2147483647;
			files = (
				399F4CB013C8FD2A0008CC0E /* NKUniversal.m in Sources */,
				399F4CCF13C902F40008CC0E /* UIScreen+NKConcise.m in Sources */,
				399F4CD113C903A30008CC0E /* UIApplication+NKConcise.m in Sources */,
			);
			runOnlyForDeploymentPostprocessing = 0;
		};
/* End PBXSourcesBuildPhase section */

/* Begin XCBuildConfiguration section */
		39F5166713C8E3F3008A9732 /* Debug */ = {
			isa = XCBuildConfiguration;
			buildSettings = {
				ALWAYS_SEARCH_USER_PATHS = NO;
				ARCHS = "$(ARCHS_STANDARD_32_BIT)";
				CLANG_ENABLE_OBJC_ARC = YES;
				COPY_PHASE_STRIP = NO;
				GCC_C_LANGUAGE_STANDARD = gnu99;
				GCC_DYNAMIC_NO_PIC = NO;
				GCC_OPTIMIZATION_LEVEL = 0;
				GCC_PREPROCESSOR_DEFINITIONS = (
					"DEBUG=1",
					"$(inherited)",
				);
				GCC_SYMBOLS_PRIVATE_EXTERN = NO;
				GCC_VERSION = com.apple.compilers.llvm.clang.1_0;
				GCC_WARN_ABOUT_MISSING_PROTOTYPES = YES;
				GCC_WARN_ABOUT_RETURN_TYPE = YES;
				GCC_WARN_UNUSED_VARIABLE = YES;
				IPHONEOS_DEPLOYMENT_TARGET = 5.0;
				SDKROOT = iphoneos;
			};
			name = Debug;
		};
		39F5166813C8E3F3008A9732 /* Release */ = {
			isa = XCBuildConfiguration;
			buildSettings = {
				ALWAYS_SEARCH_USER_PATHS = NO;
				ARCHS = "$(ARCHS_STANDARD_32_BIT)";
				CLANG_ENABLE_OBJC_ARC = YES;
				COPY_PHASE_STRIP = YES;
				GCC_C_LANGUAGE_STANDARD = gnu99;
				GCC_VERSION = com.apple.compilers.llvm.clang.1_0;
				GCC_WARN_ABOUT_MISSING_PROTOTYPES = YES;
				GCC_WARN_ABOUT_RETURN_TYPE = YES;
				GCC_WARN_UNUSED_VARIABLE = YES;
				IPHONEOS_DEPLOYMENT_TARGET = 5.0;
				SDKROOT = iphoneos;
				VALIDATE_PRODUCT = YES;
			};
			name = Release;
		};
		39F5166A13C8E3F3008A9732 /* Debug */ = {
			isa = XCBuildConfiguration;
			buildSettings = {
				DSTROOT = /tmp/iOSKit.dst;
				GCC_PRECOMPILE_PREFIX_HEADER = YES;
				GCC_PREFIX_HEADER = iOSKit/Prefix.pch;
				IPHONEOS_DEPLOYMENT_TARGET = 4.0;
				OTHER_LDFLAGS = (
					"-ObjC",
					"-all_load",
				);
				PRODUCT_NAME = "$(TARGET_NAME)";
				SKIP_INSTALL = YES;
			};
			name = Debug;
		};
		39F5166B13C8E3F3008A9732 /* Release */ = {
			isa = XCBuildConfiguration;
			buildSettings = {
				DSTROOT = /tmp/iOSKit.dst;
				GCC_PRECOMPILE_PREFIX_HEADER = YES;
				GCC_PREFIX_HEADER = iOSKit/Prefix.pch;
				IPHONEOS_DEPLOYMENT_TARGET = 4.0;
				OTHER_LDFLAGS = (
					"-ObjC",
					"-all_load",
				);
				PRODUCT_NAME = "$(TARGET_NAME)";
				SKIP_INSTALL = YES;
			};
			name = Release;
		};
/* End XCBuildConfiguration section */

/* Begin XCConfigurationList section */
		39F5165913C8E3F2008A9732 /* Build configuration list for PBXProject "iOSKit" */ = {
			isa = XCConfigurationList;
			buildConfigurations = (
				39F5166713C8E3F3008A9732 /* Debug */,
				39F5166813C8E3F3008A9732 /* Release */,
			);
			defaultConfigurationIsVisible = 0;
			defaultConfigurationName = Release;
		};
		39F5166913C8E3F3008A9732 /* Build configuration list for PBXNativeTarget "iOSKit" */ = {
			isa = XCConfigurationList;
			buildConfigurations = (
				39F5166A13C8E3F3008A9732 /* Debug */,
				39F5166B13C8E3F3008A9732 /* Release */,
			);
			defaultConfigurationIsVisible = 0;
			defaultConfigurationName = Release;
		};
/* End XCConfigurationList section */
	};
	rootObject = 39F5165613C8E3F2008A9732 /* Project object */;
}
